
Microsoft Visual Studio Solution File, Format Version 12.00
# Visual Studio 2012
Project("{FAE04EC0-301F-11D3-BF4B-00C04F79EFBC}") = "K8055Demo", "K8055Demo.csproj", "{37D4124C-A3FC-4C6C-B0F5-92933DFAAB58}"
EndProject
Project("{FAE04EC0-301F-11D3-BF4B-00C04F79EFBC}") = "FuzzyCore", "FuzzyCore\FuzzyCore.csproj", "{0298E837-E8CD-4C8E-B394-DA6C491E5DE4}"
EndProject
Project("{FAE04EC0-301F-11D3-BF4B-00C04F79EFBC}") = "FuzzyLogicImpl", "FuzzyLogicImpl\FuzzyLogicImpl.csproj", "{0A717405-3E6F-49B4-ACE3-957098902AB8}"
EndProject
Global
	GlobalSection(SolutionConfigurationPlatforms) = preSolution
		Debug|Any CPU = Debug|Any CPU
		Debug|x86 = Debug|x86
		Release|Any CPU = Release|Any CPU
		Release|x86 = Release|x86
	EndGlobalSection
	GlobalSection(ProjectConfigurationPlatforms) = postSolution
		{37D4124C-A3FC-4C6C-B0F5-92933DFAAB58}.Debug|Any CPU.ActiveCfg = Debug|Any CPU
		{37D4124C-A3FC-4C6C-B0F5-92933DFAAB58}.Debug|Any CPU.Build.0 = Debug|Any CPU
		{37D4124C-A3FC-4C6C-B0F5-92933DFAAB58}.Debug|x86.ActiveCfg = Debug|x86
		{37D4124C-A3FC-4C6C-B0F5-92933DFAAB58}.Debug|x86.Build.0 = Debug|x86
		{37D4124C-A3FC-4C6C-B0F5-92933DFAAB58}.Release|Any CPU.ActiveCfg = Release|Any CPU
		{37D4124C-A3FC-4C6C-B0F5-92933DFAAB58}.Release|Any CPU.Build.0 = Release|Any CPU
		{37D4124C-A3FC-4C6C-B0F5-92933DFAAB58}.Release|x86.ActiveCfg = Release|x86
		{37D4124C-A3FC-4C6C-B0F5-92933DFAAB58}.Release|x86.Build.0 = Release|x86
		{0298E837-E8CD-4C8E-B394-DA6C491E5DE4}.Debug|Any CPU.ActiveCfg = Debug|Any CPU
		{0298E837-E8CD-4C8E-B394-DA6C491E5DE4}.Debug|Any CPU.Build.0 = Debug|Any CPU
		{0298E837-E8CD-4C8E-B394-DA6C491E5DE4}.Debug|x86.ActiveCfg = Debug|Any CPU
		{0298E837-E8CD-4C8E-B394-DA6C491E5DE4}.Release|Any CPU.ActiveCfg = Release|Any CPU
		{0298E837-E8CD-4C8E-B394-DA6C491E5DE4}.Release|Any CPU.Build.0 = Release|Any CPU
		{0298E837-E8CD-4C8E-B394-DA6C491E5DE4}.Release|x86.ActiveCfg = Release|Any CPU
		{0A717405-3E6F-49B4-ACE3-957098902AB8}.Debug|Any CPU.ActiveCfg = Debug|Any CPU
		{0A717405-3E6F-49B4-ACE3-957098902AB8}.Debug|Any CPU.Build.0 = Debug|Any CPU
		{0A717405-3E6F-49B4-ACE3-957098902AB8}.Debug|x86.ActiveCfg = Debug|Any CPU
		{0A717405-3E6F-49B4-ACE3-957098902AB8}.Release|Any CPU.ActiveCfg = Release|Any CPU
		{0A717405-3E6F-49B4-ACE3-957098902AB8}.Release|Any CPU.Build.0 = Release|Any CPU
		{0A717405-3E6F-49B4-ACE3-957098902AB8}.Release|x86.ActiveCfg = Release|Any CPU
	EndGlobalSection
	GlobalSection(SolutionProperties) = preSolution
		HideSolutionNode = FALSE
	EndGlobalSection
EndGlobal
